
Microsoft Visual Studio Solution File, Format Version 12.00
# Visual Studio 14
VisualStudioVersion = 14.0.25123.0
MinimumVisualStudioVersion = 10.0.40219.1
Project("{8BB2217D-0F2D-49D1-97BC-3654ED321F3B}") = "Exceptionless.RandomData", "src\Exceptionless.RandomData\Exceptionless.RandomData.xproj", "{6D157F81-A2C0-440C-A10B-488A8D3A7BF4}"
EndProject
Project("{8BB2217D-0F2D-49D1-97BC-3654ED321F3B}") = "Exceptionless.RandomData.Tests", "src\Exceptionless.RandomData.Tests\Exceptionless.RandomData.Tests.xproj", "{853401B5-50F9-4183-994A-CFC28DEEBD0D}"
EndProject
Global
	GlobalSection(SolutionConfigurationPlatforms) = preSolution
		Debug|Any CPU = Debug|Any CPU
		Release|Any CPU = Release|Any CPU
	EndGlobalSection
	GlobalSection(ProjectConfigurationPlatforms) = postSolution
		{6D157F81-A2C0-440C-A10B-488A8D3A7BF4}.Debug|Any CPU.ActiveCfg = Debug|Any CPU
		{6D157F81-A2C0-440C-A10B-488A8D3A7BF4}.Debug|Any CPU.Build.0 = Debug|Any CPU
		{6D157F81-A2C0-440C-A10B-488A8D3A7BF4}.Release|Any CPU.ActiveCfg = Release|Any CPU
		{6D157F81-A2C0-440C-A10B-488A8D3A7BF4}.Release|Any CPU.Build.0 = Release|Any CPU
		{853401B5-50F9-4183-994A-CFC28DEEBD0D}.Debug|Any CPU.ActiveCfg = Debug|Any CPU
		{853401B5-50F9-4183-994A-CFC28DEEBD0D}.Debug|Any CPU.Build.0 = Debug|Any CPU
		{853401B5-50F9-4183-994A-CFC28DEEBD0D}.Release|Any CPU.ActiveCfg = Release|Any CPU
		{853401B5-50F9-4183-994A-CFC28DEEBD0D}.Release|Any CPU.Build.0 = Release|Any CPU
	EndGlobalSection
	GlobalSection(SolutionProperties) = preSolution
		HideSolutionNode = FALSE
	EndGlobalSection
EndGlobal
