
Microsoft Visual Studio Solution File, Format Version 12.00
# Visual Studio 2013
VisualStudioVersion = 12.0.31101.0
MinimumVisualStudioVersion = 10.0.40219.1
Project("{FAE04EC0-301F-11D3-BF4B-00C04F79EFBC}") = "Exceptionless.RandomData", "Source\Exceptionless.RandomData.csproj", "{03D15274-63F1-4EE0-B16E-414E1B42D12D}"
EndProject
Project("{FAE04EC0-301F-11D3-BF4B-00C04F79EFBC}") = "Exceptioless.RandomData.Tests", "Source\Tests\Exceptioless.RandomData.Tests.csproj", "{95ACC63A-9C89-4D8A-8468-85F4158582E7}"
EndProject
Global
	GlobalSection(SolutionConfigurationPlatforms) = preSolution
		Debug|Any CPU = Debug|Any CPU
		Release|Any CPU = Release|Any CPU
	EndGlobalSection
	GlobalSection(ProjectConfigurationPlatforms) = postSolution
		{03D15274-63F1-4EE0-B16E-414E1B42D12D}.Debug|Any CPU.ActiveCfg = Debug|Any CPU
		{03D15274-63F1-4EE0-B16E-414E1B42D12D}.Debug|Any CPU.Build.0 = Debug|Any CPU
		{03D15274-63F1-4EE0-B16E-414E1B42D12D}.Release|Any CPU.ActiveCfg = Release|Any CPU
		{03D15274-63F1-4EE0-B16E-414E1B42D12D}.Release|Any CPU.Build.0 = Release|Any CPU
		{95ACC63A-9C89-4D8A-8468-85F4158582E7}.Debug|Any CPU.ActiveCfg = Debug|Any CPU
		{95ACC63A-9C89-4D8A-8468-85F4158582E7}.Debug|Any CPU.Build.0 = Debug|Any CPU
		{95ACC63A-9C89-4D8A-8468-85F4158582E7}.Release|Any CPU.ActiveCfg = Release|Any CPU
		{95ACC63A-9C89-4D8A-8468-85F4158582E7}.Release|Any CPU.Build.0 = Release|Any CPU
	EndGlobalSection
	GlobalSection(SolutionProperties) = preSolution
		HideSolutionNode = FALSE
	EndGlobalSection
EndGlobal
